PODS:
  - Capacitor (8.5.2):
    - CapacitorCordova
  - CapacitorApp (8.1.1):
    - Capacitor
  - CapacitorCordova (8.5.2)
  - CapacitorPreferences (8.0.1):
    - Capacitor
  - CapacitorSplashScreen (8.0.2):
    - Capacitor
  - CapacitorStatusBar (8.0.3):
    - Capacitor
  - PurchasesHybridCommon (19.3.1):
    - RevenueCat (= 5.90.2)
  - RevenueCat (5.90.2)
  - RevenuecatPurchasesCapacitor (13.6.1):
    - Capacitor
    - PurchasesHybridCommon (= 19.3.1)

DEPENDENCIES:
  - "Capacitor (from `../../node_modules/@capacitor/ios`)"
  - "CapacitorApp (from `../../node_modules/@capacitor/app`)"
  - "CapacitorCordova (from `../../node_modules/@capacitor/ios`)"
  - "CapacitorPreferences (from `../../node_modules/@capacitor/preferences`)"
  - "CapacitorSplashScreen (from `../../node_modules/@capacitor/splash-screen`)"
  - "CapacitorStatusBar (from `../../node_modules/@capacitor/status-bar`)"
  - "RevenuecatPurchasesCapacitor (from `../../node_modules/@revenuecat/purchases-capacitor`)"

SPEC REPOS:
  trunk:
    - PurchasesHybridCommon
    - RevenueCat

EXTERNAL SOURCES:
  Capacitor:
    :path: "../../node_modules/@capacitor/ios"
  CapacitorApp:
    :path: "../../node_modules/@capacitor/app"
  CapacitorCordova:
    :path: "../../node_modules/@capacitor/ios"
  CapacitorPreferences:
    :path: "../../node_modules/@capacitor/preferences"
  CapacitorSplashScreen:
    :path: "../../node_modules/@capacitor/splash-screen"
  CapacitorStatusBar:
    :path: "../../node_modules/@capacitor/status-bar"
  RevenuecatPurchasesCapacitor:
    :path: "../../node_modules/@revenuecat/purchases-capacitor"

SPEC CHECKSUMS:
  Capacitor: 59aea4e8bd98b24b798919b4c55ae90c6ded1b0d
  CapacitorApp: 9fd99482b6536ddf1a54721ce678145fc7fa3418
  CapacitorCordova: 5bec5648cbd09a176ce34ce5e7b6cdabb2c8a327
  CapacitorPreferences: 0fa33b3affebf12d96358b491ed7c2b39bec3270
  CapacitorSplashScreen: 120117d1b2264bba31a6e6f998f51e510144dd12
  CapacitorStatusBar: 40bdc21352ecc617ec71c45ea06d669cdd2da8df
  PurchasesHybridCommon: c364d4198150bf4027b00fcada9b4ddc280df108
  RevenueCat: c44e15b3ee88506da1fdf537c62a6c239cc41b21
  RevenuecatPurchasesCapacitor: c93cf1ec3416e1a26981cb652e1b7dd1d0eeb062

PODFILE CHECKSUM: 4707e45ea3113d5ebffc1770655697ada1da2ff9

COCOAPODS: 1.16.2
